
Microsoft Visual Studio Solution File, Format Version 12.00
# Visual Studio Version 17
VisualStudioVersion = 17.5.33424.131
MinimumVisualStudioVersion = 10.0.40219.1
Project("{9A19103F-16F7-4668-BE54-9A1E7A4F7556}") = "ChatApp", "ChatApp\ChatApp.csproj", "{9834A169-402B-405E-BEE7-74196106429D}"
EndProject
Global
	GlobalSection(SolutionConfigurationPlatforms) = preSolution
		Debug|Any CPU = Debug|Any CPU
		Release|Any CPU = Release|Any CPU
	EndGlobalSection
	GlobalSection(ProjectConfigurationPlatforms) = postSolution
		{9834A169-402B-405E-BEE7-74196106429D}.Debug|Any CPU.ActiveCfg = Debug|Any CPU
		{9834A169-402B-405E-BEE7-74196106429D}.Debug|Any CPU.Build.0 = Debug|Any CPU
		{9834A169-402B-405E-BEE7-74196106429D}.Release|Any CPU.ActiveCfg = Release|Any CPU
		{9834A169-402B-405E-BEE7-74196106429D}.Release|Any CPU.Build.0 = Release|Any CPU
	EndGlobalSection
	GlobalSection(SolutionProperties) = preSolution
		HideSolutionNode = FALSE
	EndGlobalSection
	GlobalSection(ExtensibilityGlobals) = postSolution
		SolutionGuid = {BDDA198F-E03E-4215-A8EC-C4B433416443}
	EndGlobalSection
EndGlobal
